
Microsoft Visual Studio Solution File, Format Version 12.00
# Visual Studio Version 17
VisualStudioVersion = 17.11.35312.102
MinimumVisualStudioVersion = 10.0.40219.1
Project("{FAE04EC0-301F-11D3-BF4B-00C04F79EFBC}") = "MarioFSM_STARTER", "MarioFSM_STARTER.csproj", "{39389848-ACAB-4625-A6DC-17D2EBDE3DCA}"
EndProject
Global
	GlobalSection(SolutionConfigurationPlatforms) = preSolution
		Debug|Any CPU = Debug|Any CPU
		Release|Any CPU = Release|Any CPU
	EndGlobalSection
	GlobalSection(ProjectConfigurationPlatforms) = postSolution
		{39389848-ACAB-4625-A6DC-17D2EBDE3DCA}.Debug|Any CPU.ActiveCfg = Debug|Any CPU
		{39389848-ACAB-4625-A6DC-17D2EBDE3DCA}.Debug|Any CPU.Build.0 = Debug|Any CPU
		{39389848-ACAB-4625-A6DC-17D2EBDE3DCA}.Release|Any CPU.ActiveCfg = Release|Any CPU
		{39389848-ACAB-4625-A6DC-17D2EBDE3DCA}.Release|Any CPU.Build.0 = Release|Any CPU
	EndGlobalSection
	GlobalSection(SolutionProperties) = preSolution
		HideSolutionNode = FALSE
	EndGlobalSection
	GlobalSection(ExtensibilityGlobals) = postSolution
		SolutionGuid = {636BF2CE-9A89-4D58-997A-3DAF3ED5EB35}
	EndGlobalSection
EndGlobal
