
Microsoft Visual Studio Solution File, Format Version 12.00
# Visual Studio Version 17
VisualStudioVersion = 17.11.35222.181
MinimumVisualStudioVersion = 10.0.40219.1
Project("{FAE04EC0-301F-11D3-BF4B-00C04F79EFBC}") = "ByeT_HW2", "ByeT_HW2.csproj", "{30A5E8A9-C825-4AD6-9450-F34FEBA10C10}"
EndProject
Global
	GlobalSection(SolutionConfigurationPlatforms) = preSolution
		Debug|Any CPU = Debug|Any CPU
		Release|Any CPU = Release|Any CPU
	EndGlobalSection
	GlobalSection(ProjectConfigurationPlatforms) = postSolution
		{30A5E8A9-C825-4AD6-9450-F34FEBA10C10}.Debug|Any CPU.ActiveCfg = Debug|Any CPU
		{30A5E8A9-C825-4AD6-9450-F34FEBA10C10}.Debug|Any CPU.Build.0 = Debug|Any CPU
		{30A5E8A9-C825-4AD6-9450-F34FEBA10C10}.Release|Any CPU.ActiveCfg = Release|Any CPU
		{30A5E8A9-C825-4AD6-9450-F34FEBA10C10}.Release|Any CPU.Build.0 = Release|Any CPU
	EndGlobalSection
	GlobalSection(SolutionProperties) = preSolution
		HideSolutionNode = FALSE
	EndGlobalSection
	GlobalSection(ExtensibilityGlobals) = postSolution
		SolutionGuid = {36339B24-9FF2-485D-9632-D348695D86A1}
	EndGlobalSection
EndGlobal
