
Microsoft Visual Studio Solution File, Format Version 12.00
# Visual Studio Version 17
VisualStudioVersion = 17.11.35222.181
MinimumVisualStudioVersion = 10.0.40219.1
Project("{FAE04EC0-301F-11D3-BF4B-00C04F79EFBC}") = "Graph_Searching_PE", "Graph_Searching_PE.csproj", "{D79BEF2F-4ABC-4468-B8AA-ADFA2AD3577A}"
EndProject
Global
	GlobalSection(SolutionConfigurationPlatforms) = preSolution
		Debug|Any CPU = Debug|Any CPU
		Release|Any CPU = Release|Any CPU
	EndGlobalSection
	GlobalSection(ProjectConfigurationPlatforms) = postSolution
		{D79BEF2F-4ABC-4468-B8AA-ADFA2AD3577A}.Debug|Any CPU.ActiveCfg = Debug|Any CPU
		{D79BEF2F-4ABC-4468-B8AA-ADFA2AD3577A}.Debug|Any CPU.Build.0 = Debug|Any CPU
		{D79BEF2F-4ABC-4468-B8AA-ADFA2AD3577A}.Release|Any CPU.ActiveCfg = Release|Any CPU
		{D79BEF2F-4ABC-4468-B8AA-ADFA2AD3577A}.Release|Any CPU.Build.0 = Release|Any CPU
	EndGlobalSection
	GlobalSection(SolutionProperties) = preSolution
		HideSolutionNode = FALSE
	EndGlobalSection
	GlobalSection(ExtensibilityGlobals) = postSolution
		SolutionGuid = {418E1CDE-ECA6-468E-B12C-CC8CF065E677}
	EndGlobalSection
EndGlobal
