
Microsoft Visual Studio Solution File, Format Version 12.00
# Visual Studio Version 17
VisualStudioVersion = 17.11.35222.181
MinimumVisualStudioVersion = 10.0.40219.1
Project("{FAE04EC0-301F-11D3-BF4B-00C04F79EFBC}") = "ByeT_HW1", "ByeT_HW1.csproj", "{736E78D0-D665-4827-A5C5-A266E9C9EA4C}"
EndProject
Global
	GlobalSection(SolutionConfigurationPlatforms) = preSolution
		Debug|Any CPU = Debug|Any CPU
		Release|Any CPU = Release|Any CPU
	EndGlobalSection
	GlobalSection(ProjectConfigurationPlatforms) = postSolution
		{736E78D0-D665-4827-A5C5-A266E9C9EA4C}.Debug|Any CPU.ActiveCfg = Debug|Any CPU
		{736E78D0-D665-4827-A5C5-A266E9C9EA4C}.Debug|Any CPU.Build.0 = Debug|Any CPU
		{736E78D0-D665-4827-A5C5-A266E9C9EA4C}.Release|Any CPU.ActiveCfg = Release|Any CPU
		{736E78D0-D665-4827-A5C5-A266E9C9EA4C}.Release|Any CPU.Build.0 = Release|Any CPU
	EndGlobalSection
	GlobalSection(SolutionProperties) = preSolution
		HideSolutionNode = FALSE
	EndGlobalSection
	GlobalSection(ExtensibilityGlobals) = postSolution
		SolutionGuid = {554E3BF7-4FC0-4D53-A1E3-3439DBE04BA0}
	EndGlobalSection
EndGlobal
